
Microsoft Visual Studio Solution File, Format Version 12.00
# Visual Studio 2013
VisualStudioVersion = 12.0.21005.1
MinimumVisualStudioVersion = 10.0.40219.1
Project("{9092AA53-FB77-4645-B42D-1CCCA6BD08BD}") = "LoginNode02", "LoginNode02\LoginNode02.njsproj", "{DDFC9090-E179-4E1C-A8FE-6A63FCABAE46}"
EndProject
Global
	GlobalSection(SolutionConfigurationPlatforms) = preSolution
		Debug|Any CPU = Debug|Any CPU
		Release|Any CPU = Release|Any CPU
	EndGlobalSection
	GlobalSection(ProjectConfigurationPlatforms) = postSolution
		{DDFC9090-E179-4E1C-A8FE-6A63FCABAE46}.Debug|Any CPU.ActiveCfg = Debug|Any CPU
		{DDFC9090-E179-4E1C-A8FE-6A63FCABAE46}.Debug|Any CPU.Build.0 = Debug|Any CPU
		{DDFC9090-E179-4E1C-A8FE-6A63FCABAE46}.Release|Any CPU.ActiveCfg = Release|Any CPU
		{DDFC9090-E179-4E1C-A8FE-6A63FCABAE46}.Release|Any CPU.Build.0 = Release|Any CPU
	EndGlobalSection
	GlobalSection(SolutionProperties) = preSolution
		HideSolutionNode = FALSE
	EndGlobalSection
EndGlobal
